<Solution>
  <Folder Name="/src/">
    <Project Path="src/DotNetRepack.Acquisition/DotNetRepack.Acquisition.csproj" />
    <Project Path="src/DotNetRepack.Analysis/DotNetRepack.Analysis.csproj" />
    <Project Path="src/DotNetRepack.Cli/DotNetRepack.Cli.csproj" />
    <Project Path="src/DotNetRepack.Core/DotNetRepack.Core.csproj" />
    <Project Path="src/DotNetRepack.Execution/DotNetRepack.Execution.csproj" />
    <Project Path="src/DotNetRepack.Inspection/DotNetRepack.Inspection.csproj" />
    <Project Path="src/DotNetRepack.Model/DotNetRepack.Model.csproj" />
    <Project Path="src/DotNetRepack.Planning/DotNetRepack.Planning.csproj" />
    <Project Path="src/DotNetRepack.Platform.Abstractions/DotNetRepack.Platform.Abstractions.csproj" />
    <Project Path="src/DotNetRepack.Platform.Windows/DotNetRepack.Platform.Windows.csproj" />
    <Project Path="src/DotNetRepack.Specifications/DotNetRepack.Specifications.csproj" />
    <Project Path="src/DotNetRepack.Transforms/DotNetRepack.Transforms.csproj" />
    <Project Path="src/DotNetRepack.Validation/DotNetRepack.Validation.csproj" />
  </Folder>
  <Folder Name="/tests/">
    <Project Path="tests/DotNetRepack.Acquisition.Tests/DotNetRepack.Acquisition.Tests.csproj" />
    <Project Path="tests/DotNetRepack.Analysis.Tests/DotNetRepack.Analysis.Tests.csproj" />
    <Project Path="tests/DotNetRepack.Cli.Tests/DotNetRepack.Cli.Tests.csproj" />
    <Project Path="tests/DotNetRepack.Core.Tests/DotNetRepack.Core.Tests.csproj" />
    <Project Path="tests/DotNetRepack.Execution.Tests/DotNetRepack.Execution.Tests.csproj" />
    <Project Path="tests/DotNetRepack.Inspection.Tests/DotNetRepack.Inspection.Tests.csproj" />
    <Project Path="tests/DotNetRepack.IntegrationTests/DotNetRepack.IntegrationTests.csproj" />
    <Project Path="tests/DotNetRepack.Model.Tests/DotNetRepack.Model.Tests.csproj" />
    <Project Path="tests/DotNetRepack.Planning.Tests/DotNetRepack.Planning.Tests.csproj" />
    <Project Path="tests/DotNetRepack.Platform.Abstractions.Tests/DotNetRepack.Platform.Abstractions.Tests.csproj" />
    <Project Path="tests/DotNetRepack.Platform.Windows.Tests/DotNetRepack.Platform.Windows.Tests.csproj" />
    <Project Path="tests/DotNetRepack.RegressionTests/DotNetRepack.RegressionTests.csproj" />
    <Project Path="tests/DotNetRepack.Specifications.Tests/DotNetRepack.Specifications.Tests.csproj" />
    <Project Path="tests/DotNetRepack.Transforms.Tests/DotNetRepack.Transforms.Tests.csproj" />
    <Project Path="tests/DotNetRepack.Validation.Tests/DotNetRepack.Validation.Tests.csproj" />
  </Folder>
</Solution>
